
Microsoft Visual Studio Solution File, Format Version 12.00
# Visual Studio Version 17
VisualStudioVersion = 17.0.31903.59
MinimumVisualStudioVersion = 10.0.40219.1
Project("{2150E333-8FDC-42A3-9474-1A3956D46DE8}") = "src", "src", "{39F9F9BA-9DAA-4F4D-BC49-0FCFF135B1CD}"
EndProject
Project("{2150E333-8FDC-42A3-9474-1A3956D46DE8}") = "Momento.Etl", "Momento.Etl", "{16B342C8-475B-45EA-8FA6-F549C4EFDC14}"
EndProject
Project("{FAE04EC0-301F-11D3-BF4B-00C04F79EFBC}") = "RedisLoadGenerator", "src\Momento.Etl\RedisLoadGenerator\RedisLoadGenerator.csproj", "{512307B9-6BA5-4416-9092-6B964D5F217A}"
EndProject
Project("{2150E333-8FDC-42A3-9474-1A3956D46DE8}") = "tests", "tests", "{61C1B011-B5C8-41B9-B122-147BE6C13B00}"
EndProject
Project("{2150E333-8FDC-42A3-9474-1A3956D46DE8}") = "Momento.Etl", "Momento.Etl", "{79D4E9FA-2BE3-4379-962E-F9B282CE3072}"
EndProject
Project("{FAE04EC0-301F-11D3-BF4B-00C04F79EFBC}") = "RedisLoadGenerator.Tests", "tests\Momento.Etl\RedisLoadGenerator.Tests\RedisLoadGenerator.Tests.csproj", "{92238852-D07B-4CE1-B1BF-64FE7EF34257}"
EndProject
Project("{FAE04EC0-301F-11D3-BF4B-00C04F79EFBC}") = "Validation", "src\Momento.Etl\Validation\Validation.csproj", "{8E6A1EF3-4F12-4BD0-AE5C-C6E0A1447480}"
EndProject
Project("{FAE04EC0-301F-11D3-BF4B-00C04F79EFBC}") = "Model", "src\Momento.Etl\Model\Model.csproj", "{E351C629-5AF2-4DA7-B98A-3CBA34389E77}"
EndProject
Project("{FAE04EC0-301F-11D3-BF4B-00C04F79EFBC}") = "Validation.Tests", "tests\Momento.Etl\Validation.Tests\Validation.Tests.csproj", "{59DDD2CE-7C98-4AEE-9885-227ABABA274A}"
EndProject
Project("{FAE04EC0-301F-11D3-BF4B-00C04F79EFBC}") = "Model.Tests", "tests\Momento.Etl\Model.Tests\Model.Tests.csproj", "{00C8C9D7-3515-4C95-A627-4B16568FBB4A}"
EndProject
Project("{FAE04EC0-301F-11D3-BF4B-00C04F79EFBC}") = "Cli", "src\Momento.Etl\Cli\Cli.csproj", "{911153BC-A509-4D09-9C1B-5CDD5E0165D7}"
EndProject
Project("{FAE04EC0-301F-11D3-BF4B-00C04F79EFBC}") = "Cli.Tests", "tests\Momento.Etl\Cli.Tests\Cli.Tests.csproj", "{74339CB2-76D8-460E-8621-9E361CCC2473}"
EndProject
Project("{FAE04EC0-301F-11D3-BF4B-00C04F79EFBC}") = "Utils", "src\Momento.Etl\Utils\Utils.csproj", "{1B1C9186-C260-4DAA-9013-C079305625D9}"
EndProject
Project("{FAE04EC0-301F-11D3-BF4B-00C04F79EFBC}") = "Utils.Tests", "tests\Momento.Etl\Utils.Tests\Utils.Tests.csproj", "{E35D5D58-3857-4DB8-A6E7-356D1F16DA80}"
EndProject
Project("{FAE04EC0-301F-11D3-BF4B-00C04F79EFBC}") = "RedisReload", "src\Momento.Etl\RedisReload\RedisReload.csproj", "{F155CAA5-36D5-4D0C-A4E9-68294AD534D2}"
EndProject
Global
	GlobalSection(SolutionConfigurationPlatforms) = preSolution
		Debug|Any CPU = Debug|Any CPU
		Release|Any CPU = Release|Any CPU
	EndGlobalSection
	GlobalSection(SolutionProperties) = preSolution
		HideSolutionNode = FALSE
	EndGlobalSection
	GlobalSection(ProjectConfigurationPlatforms) = postSolution
		{512307B9-6BA5-4416-9092-6B964D5F217A}.Debug|Any CPU.ActiveCfg = Debug|Any CPU
		{512307B9-6BA5-4416-9092-6B964D5F217A}.Debug|Any CPU.Build.0 = Debug|Any CPU
		{512307B9-6BA5-4416-9092-6B964D5F217A}.Release|Any CPU.ActiveCfg = Release|Any CPU
		{512307B9-6BA5-4416-9092-6B964D5F217A}.Release|Any CPU.Build.0 = Release|Any CPU
		{92238852-D07B-4CE1-B1BF-64FE7EF34257}.Debug|Any CPU.ActiveCfg = Debug|Any CPU
		{92238852-D07B-4CE1-B1BF-64FE7EF34257}.Debug|Any CPU.Build.0 = Debug|Any CPU
		{92238852-D07B-4CE1-B1BF-64FE7EF34257}.Release|Any CPU.ActiveCfg = Release|Any CPU
		{92238852-D07B-4CE1-B1BF-64FE7EF34257}.Release|Any CPU.Build.0 = Release|Any CPU
		{8E6A1EF3-4F12-4BD0-AE5C-C6E0A1447480}.Debug|Any CPU.ActiveCfg = Debug|Any CPU
		{8E6A1EF3-4F12-4BD0-AE5C-C6E0A1447480}.Debug|Any CPU.Build.0 = Debug|Any CPU
		{8E6A1EF3-4F12-4BD0-AE5C-C6E0A1447480}.Release|Any CPU.ActiveCfg = Release|Any CPU
		{8E6A1EF3-4F12-4BD0-AE5C-C6E0A1447480}.Release|Any CPU.Build.0 = Release|Any CPU
		{E351C629-5AF2-4DA7-B98A-3CBA34389E77}.Debug|Any CPU.ActiveCfg = Debug|Any CPU
		{E351C629-5AF2-4DA7-B98A-3CBA34389E77}.Debug|Any CPU.Build.0 = Debug|Any CPU
		{E351C629-5AF2-4DA7-B98A-3CBA34389E77}.Release|Any CPU.ActiveCfg = Release|Any CPU
		{E351C629-5AF2-4DA7-B98A-3CBA34389E77}.Release|Any CPU.Build.0 = Release|Any CPU
		{59DDD2CE-7C98-4AEE-9885-227ABABA274A}.Debug|Any CPU.ActiveCfg = Debug|Any CPU
		{59DDD2CE-7C98-4AEE-9885-227ABABA274A}.Debug|Any CPU.Build.0 = Debug|Any CPU
		{59DDD2CE-7C98-4AEE-9885-227ABABA274A}.Release|Any CPU.ActiveCfg = Release|Any CPU
		{59DDD2CE-7C98-4AEE-9885-227ABABA274A}.Release|Any CPU.Build.0 = Release|Any CPU
		{00C8C9D7-3515-4C95-A627-4B16568FBB4A}.Debug|Any CPU.ActiveCfg = Debug|Any CPU
		{00C8C9D7-3515-4C95-A627-4B16568FBB4A}.Debug|Any CPU.Build.0 = Debug|Any CPU
		{00C8C9D7-3515-4C95-A627-4B16568FBB4A}.Release|Any CPU.ActiveCfg = Release|Any CPU
		{00C8C9D7-3515-4C95-A627-4B16568FBB4A}.Release|Any CPU.Build.0 = Release|Any CPU
		{911153BC-A509-4D09-9C1B-5CDD5E0165D7}.Debug|Any CPU.ActiveCfg = Debug|Any CPU
		{911153BC-A509-4D09-9C1B-5CDD5E0165D7}.Debug|Any CPU.Build.0 = Debug|Any CPU
		{911153BC-A509-4D09-9C1B-5CDD5E0165D7}.Release|Any CPU.ActiveCfg = Release|Any CPU
		{911153BC-A509-4D09-9C1B-5CDD5E0165D7}.Release|Any CPU.Build.0 = Release|Any CPU
		{74339CB2-76D8-460E-8621-9E361CCC2473}.Debug|Any CPU.ActiveCfg = Debug|Any CPU
		{74339CB2-76D8-460E-8621-9E361CCC2473}.Debug|Any CPU.Build.0 = Debug|Any CPU
		{74339CB2-76D8-460E-8621-9E361CCC2473}.Release|Any CPU.ActiveCfg = Release|Any CPU
		{74339CB2-76D8-460E-8621-9E361CCC2473}.Release|Any CPU.Build.0 = Release|Any CPU
		{1B1C9186-C260-4DAA-9013-C079305625D9}.Debug|Any CPU.ActiveCfg = Debug|Any CPU
		{1B1C9186-C260-4DAA-9013-C079305625D9}.Debug|Any CPU.Build.0 = Debug|Any CPU
		{1B1C9186-C260-4DAA-9013-C079305625D9}.Release|Any CPU.ActiveCfg = Release|Any CPU
		{1B1C9186-C260-4DAA-9013-C079305625D9}.Release|Any CPU.Build.0 = Release|Any CPU
		{E35D5D58-3857-4DB8-A6E7-356D1F16DA80}.Debug|Any CPU.ActiveCfg = Debug|Any CPU
		{E35D5D58-3857-4DB8-A6E7-356D1F16DA80}.Debug|Any CPU.Build.0 = Debug|Any CPU
		{E35D5D58-3857-4DB8-A6E7-356D1F16DA80}.Release|Any CPU.ActiveCfg = Release|Any CPU
		{E35D5D58-3857-4DB8-A6E7-356D1F16DA80}.Release|Any CPU.Build.0 = Release|Any CPU
		{F155CAA5-36D5-4D0C-A4E9-68294AD534D2}.Debug|Any CPU.ActiveCfg = Debug|Any CPU
		{F155CAA5-36D5-4D0C-A4E9-68294AD534D2}.Debug|Any CPU.Build.0 = Debug|Any CPU
		{F155CAA5-36D5-4D0C-A4E9-68294AD534D2}.Release|Any CPU.ActiveCfg = Release|Any CPU
		{F155CAA5-36D5-4D0C-A4E9-68294AD534D2}.Release|Any CPU.Build.0 = Release|Any CPU
	EndGlobalSection
	GlobalSection(NestedProjects) = preSolution
		{16B342C8-475B-45EA-8FA6-F549C4EFDC14} = {39F9F9BA-9DAA-4F4D-BC49-0FCFF135B1CD}
		{512307B9-6BA5-4416-9092-6B964D5F217A} = {16B342C8-475B-45EA-8FA6-F549C4EFDC14}
		{79D4E9FA-2BE3-4379-962E-F9B282CE3072} = {61C1B011-B5C8-41B9-B122-147BE6C13B00}
		{92238852-D07B-4CE1-B1BF-64FE7EF34257} = {79D4E9FA-2BE3-4379-962E-F9B282CE3072}
		{8E6A1EF3-4F12-4BD0-AE5C-C6E0A1447480} = {16B342C8-475B-45EA-8FA6-F549C4EFDC14}
		{E351C629-5AF2-4DA7-B98A-3CBA34389E77} = {16B342C8-475B-45EA-8FA6-F549C4EFDC14}
		{59DDD2CE-7C98-4AEE-9885-227ABABA274A} = {79D4E9FA-2BE3-4379-962E-F9B282CE3072}
		{00C8C9D7-3515-4C95-A627-4B16568FBB4A} = {79D4E9FA-2BE3-4379-962E-F9B282CE3072}
		{911153BC-A509-4D09-9C1B-5CDD5E0165D7} = {16B342C8-475B-45EA-8FA6-F549C4EFDC14}
		{74339CB2-76D8-460E-8621-9E361CCC2473} = {79D4E9FA-2BE3-4379-962E-F9B282CE3072}
		{1B1C9186-C260-4DAA-9013-C079305625D9} = {16B342C8-475B-45EA-8FA6-F549C4EFDC14}
		{E35D5D58-3857-4DB8-A6E7-356D1F16DA80} = {79D4E9FA-2BE3-4379-962E-F9B282CE3072}
		{F155CAA5-36D5-4D0C-A4E9-68294AD534D2} = {16B342C8-475B-45EA-8FA6-F549C4EFDC14}
	EndGlobalSection
EndGlobal
